
Microsoft Visual Studio Solution File, Format Version 12.00
# Visual Studio 15
VisualStudioVersion = 15.0.28307.572
MinimumVisualStudioVersion = 10.0.40219.1
Project("{FAE04EC0-301F-11D3-BF4B-00C04F79EFBC}") = "DinoVideo", "DinoVideo\DinoVideo.csproj", "{44682474-4A35-4396-9D3D-AB6FE916D6B8}"
EndProject
Global
	GlobalSection(SolutionConfigurationPlatforms) = preSolution
		Debug|Any CPU = Debug|Any CPU
		Release|Any CPU = Release|Any CPU
	EndGlobalSection
	GlobalSection(ProjectConfigurationPlatforms) = postSolution
		{44682474-4A35-4396-9D3D-AB6FE916D6B8}.Debug|Any CPU.ActiveCfg = Debug|Any CPU
		{44682474-4A35-4396-9D3D-AB6FE916D6B8}.Debug|Any CPU.Build.0 = Debug|Any CPU
		{44682474-4A35-4396-9D3D-AB6FE916D6B8}.Release|Any CPU.ActiveCfg = Release|Any CPU
		{44682474-4A35-4396-9D3D-AB6FE916D6B8}.Release|Any CPU.Build.0 = Release|Any CPU
	EndGlobalSection
	GlobalSection(SolutionProperties) = preSolution
		HideSolutionNode = FALSE
	EndGlobalSection
	GlobalSection(ExtensibilityGlobals) = postSolution
		SolutionGuid = {EB080BE0-9F78-434F-B15D-E5F404821C61}
	EndGlobalSection
EndGlobal
